// !$*UTF8*$!
{
	archiveVersion = 1;
	classes = {
	};
	objectVersion = 56;
	objects = {

/* Begin PBXBuildFile section */
		94039DC22C4273610058007E /* UserListConfig.swift in Sources */ = {isa = PBXBuildFile; fileRef = 94039DC12C4273610058007E /* UserListConfig.swift */; };
		94039DC42C4298A80058007E /* UserListView.swift in Sources */ = {isa = PBXBuildFile; fileRef = 94039DC32C4298A80058007E /* UserListView.swift */; };
		94039DC62C4298F40058007E /* UserListViewModel.swift in Sources */ = {isa = PBXBuildFile; fileRef = 94039DC52C4298F40058007E /* UserListViewModel.swift */; };
		94039DCD2C42A0620058007E /* NotificationsView.swift in Sources */ = {isa = PBXBuildFile; fileRef = 94039DCC2C42A0620058007E /* NotificationsView.swift */; };
		94039DCF2C42A06C0058007E /* NotificationCell.swift in Sources */ = {isa = PBXBuildFile; fileRef = 94039DCE2C42A06C0058007E /* NotificationCell.swift */; };
		946097EB2C36603E0004E950 /* FirebaseAnalytics in Frameworks */ = {isa = PBXBuildFile; productRef = 946097EA2C36603E0004E950 /* FirebaseAnalytics */; };
		946097ED2C36603E0004E950 /* FirebaseAnalyticsOnDeviceConversion in Frameworks */ = {isa = PBXBuildFile; productRef = 946097EC2C36603E0004E950 /* FirebaseAnalyticsOnDeviceConversion */; };
		946097EF2C36603E0004E950 /* FirebaseAnalyticsSwift in Frameworks */ = {isa = PBXBuildFile; productRef = 946097EE2C36603E0004E950 /* FirebaseAnalyticsSwift */; };
		946097F12C36603E0004E950 /* FirebaseAnalyticsWithoutAdIdSupport in Frameworks */ = {isa = PBXBuildFile; productRef = 946097F02C36603E0004E950 /* FirebaseAnalyticsWithoutAdIdSupport */; };
		946097F32C36603E0004E950 /* FirebaseAppCheck in Frameworks */ = {isa = PBXBuildFile; productRef = 946097F22C36603E0004E950 /* FirebaseAppCheck */; };
		946097F52C36603E0004E950 /* FirebaseAppDistribution-Beta in Frameworks */ = {isa = PBXBuildFile; productRef = 946097F42C36603E0004E950 /* FirebaseAppDistribution-Beta */; };
		946097F72C36603E0004E950 /* FirebaseAuth in Frameworks */ = {isa = PBXBuildFile; productRef = 946097F62C36603E0004E950 /* FirebaseAuth */; };
		946097F92C36603E0004E950 /* FirebaseAuthCombine-Community in Frameworks */ = {isa = PBXBuildFile; productRef = 946097F82C36603E0004E950 /* FirebaseAuthCombine-Community */; };
		946097FB2C36603E0004E950 /* FirebaseCrashlytics in Frameworks */ = {isa = PBXBuildFile; productRef = 946097FA2C36603E0004E950 /* FirebaseCrashlytics */; };
		946097FD2C36603E0004E950 /* FirebaseDatabase in Frameworks */ = {isa = PBXBuildFile; productRef = 946097FC2C36603E0004E950 /* FirebaseDatabase */; };
		946097FF2C36603E0004E950 /* FirebaseDatabaseSwift in Frameworks */ = {isa = PBXBuildFile; productRef = 946097FE2C36603E0004E950 /* FirebaseDatabaseSwift */; };
		946098012C36603E0004E950 /* FirebaseDynamicLinks in Frameworks */ = {isa = PBXBuildFile; productRef = 946098002C36603E0004E950 /* FirebaseDynamicLinks */; };
		946098072C3662120004E950 /* ContentViewModel.swift in Sources */ = {isa = PBXBuildFile; fileRef = 946098062C3662110004E950 /* ContentViewModel.swift */; };
		9471430E2C36EF0E003BFFF8 /* LoginViewModel.swift in Sources */ = {isa = PBXBuildFile; fileRef = 9471430D2C36EF0E003BFFF8 /* LoginViewModel.swift */; };
		947143112C37C4A7003BFFF8 /* FirebaseFirestoreSwift in Frameworks */ = {isa = PBXBuildFile; productRef = 947143102C37C4A7003BFFF8 /* FirebaseFirestoreSwift */; };
		947143132C37CD92003BFFF8 /* UserService.swift in Sources */ = {isa = PBXBuildFile; fileRef = 947143122C37CD92003BFFF8 /* UserService.swift */; };
		947143172C37CE67003BFFF8 /* SearchViewModel.swift in Sources */ = {isa = PBXBuildFile; fileRef = 947143162C37CE67003BFFF8 /* SearchViewModel.swift */; };
		947143192C383413003BFFF8 /* EditProfileView.swift in Sources */ = {isa = PBXBuildFile; fileRef = 947143182C383412003BFFF8 /* EditProfileView.swift */; };
		94802E942C38389100A2E4E4 /* EditProfileViewModel.swift in Sources */ = {isa = PBXBuildFile; fileRef = 94802E932C38389100A2E4E4 /* EditProfileViewModel.swift */; };
		94802E962C3D091E00A2E4E4 /* ImageUploader.swift in Sources */ = {isa = PBXBuildFile; fileRef = 94802E952C3D091E00A2E4E4 /* ImageUploader.swift */; };
		94802E992C3D0F8800A2E4E4 /* Kingfisher in Frameworks */ = {isa = PBXBuildFile; productRef = 94802E982C3D0F8800A2E4E4 /* Kingfisher */; };
		94802E9B2C3D103E00A2E4E4 /* CircularProfileImageView.swift in Sources */ = {isa = PBXBuildFile; fileRef = 94802E9A2C3D103E00A2E4E4 /* CircularProfileImageView.swift */; };
		94802EA12C3F909700A2E4E4 /* FeedViewModel.swift in Sources */ = {isa = PBXBuildFile; fileRef = 94802EA02C3F909700A2E4E4 /* FeedViewModel.swift */; };
		94802EA32C3F9A8D00A2E4E4 /* PostService.swift in Sources */ = {isa = PBXBuildFile; fileRef = 94802EA22C3F9A8C00A2E4E4 /* PostService.swift */; };
		94802EA72C3F9CB700A2E4E4 /* PostGridViewModel.swift in Sources */ = {isa = PBXBuildFile; fileRef = 94802EA62C3F9CB700A2E4E4 /* PostGridViewModel.swift */; };
		94802EA92C3FA16900A2E4E4 /* FirebaseStorage in Frameworks */ = {isa = PBXBuildFile; productRef = 94802EA82C3FA16900A2E4E4 /* FirebaseStorage */; };
		94802EAB2C3FA2D100A2E4E4 /* FeedCellViewModel.swift in Sources */ = {isa = PBXBuildFile; fileRef = 94802EAA2C3FA2D100A2E4E4 /* FeedCellViewModel.swift */; };
		94802EB22C400DA600A2E4E4 /* CommentsView.swift in Sources */ = {isa = PBXBuildFile; fileRef = 94802EB12C400DA600A2E4E4 /* CommentsView.swift */; };
		94802EB42C400DB100A2E4E4 /* CommentsCell.swift in Sources */ = {isa = PBXBuildFile; fileRef = 94802EB32C400DB100A2E4E4 /* CommentsCell.swift */; };
		94802ED62C4013B900A2E4E4 /* Comment.swift in Sources */ = {isa = PBXBuildFile; fileRef = 94802ED52C4013B900A2E4E4 /* Comment.swift */; };
		94802ED82C4014B600A2E4E4 /* CommentService.swift in Sources */ = {isa = PBXBuildFile; fileRef = 94802ED72C4014B600A2E4E4 /* CommentService.swift */; };
		94802EDA2C4014C000A2E4E4 /* CommentsViewModel.swift in Sources */ = {isa = PBXBuildFile; fileRef = 94802ED92C4014C000A2E4E4 /* CommentsViewModel.swift */; };
		94802EDC2C40190E00A2E4E4 /* DeveloperPreview.swift in Sources */ = {isa = PBXBuildFile; fileRef = 94802EDB2C40190E00A2E4E4 /* DeveloperPreview.swift */; };
		94B975342C35710000CB7E78 /* AuthService.swift in Sources */ = {isa = PBXBuildFile; fileRef = 94B975332C35710000CB7E78 /* AuthService.swift */; };
		94D391EA2C36738200D709BA /* RegistrationViewModel.swift in Sources */ = {isa = PBXBuildFile; fileRef = 94D391E92C36738200D709BA /* RegistrationViewModel.swift */; };
		94FBA75A2C40F34900B2DEAE /* Timestamp.swift in Sources */ = {isa = PBXBuildFile; fileRef = 94FBA7592C40F34900B2DEAE /* Timestamp.swift */; };
		94FBA75D2C40F48900B2DEAE /* Constants.swift in Sources */ = {isa = PBXBuildFile; fileRef = 94FBA75C2C40F48900B2DEAE /* Constants.swift */; };
		94FBA75F2C40F71200B2DEAE /* ProfileViewModel.swift in Sources */ = {isa = PBXBuildFile; fileRef = 94FBA75E2C40F71200B2DEAE /* ProfileViewModel.swift */; };
		94FEE5E22C32CF7C00E32A00 /* InstagramTutorialApp.swift in Sources */ = {isa = PBXBuildFile; fileRef = 94FEE5E12C32CF7C00E32A00 /* InstagramTutorialApp.swift */; };
		94FEE5E42C32CF7C00E32A00 /* ContentView.swift in Sources */ = {isa = PBXBuildFile; fileRef = 94FEE5E32C32CF7C00E32A00 /* ContentView.swift */; };
		94FEE5E62C32CF8100E32A00 /* Assets.xcassets in Resources */ = {isa = PBXBuildFile; fileRef = 94FEE5E52C32CF8100E32A00 /* Assets.xcassets */; };
		94FEE5E92C32CF8100E32A00 /* Preview Assets.xcassets in Resources */ = {isa = PBXBuildFile; fileRef = 94FEE5E82C32CF8100E32A00 /* Preview Assets.xcassets */; };
		94FEE5FD2C32D0FD00E32A00 /* MainTabView.swift in Sources */ = {isa = PBXBuildFile; fileRef = 94FEE5FC2C32D0FD00E32A00 /* MainTabView.swift */; };
		94FEE5FF2C32D1F700E32A00 /* ProfileView.swift in Sources */ = {isa = PBXBuildFile; fileRef = 94FEE5FE2C32D1F700E32A00 /* ProfileView.swift */; };
		94FEE6022C32D60E00E32A00 /* UserStatView.swift in Sources */ = {isa = PBXBuildFile; fileRef = 94FEE6012C32D60E00E32A00 /* UserStatView.swift */; };
		94FEE6042C32D94200E32A00 /* FeedView.swift in Sources */ = {isa = PBXBuildFile; fileRef = 94FEE6032C32D94200E32A00 /* FeedView.swift */; };
		94FEE6062C32D94800E32A00 /* FeedCell.swift in Sources */ = {isa = PBXBuildFile; fileRef = 94FEE6052C32D94800E32A00 /* FeedCell.swift */; };
		94FEE6082C32E00000E32A00 /* SearchView.swift in Sources */ = {isa = PBXBuildFile; fileRef = 94FEE6072C32E00000E32A00 /* SearchView.swift */; };
		94FEE60A2C32E2C100E32A00 /* LoginView.swift in Sources */ = {isa = PBXBuildFile; fileRef = 94FEE6092C32E2C100E32A00 /* LoginView.swift */; };
		94FEE60C2C33C3A200E32A00 /* AddEmailView.swift in Sources */ = {isa = PBXBuildFile; fileRef = 94FEE60B2C33C3A200E32A00 /* AddEmailView.swift */; };
		94FEE60E2C33C58A00E32A00 /* IGTextFieldModifier.swift in Sources */ = {isa = PBXBuildFile; fileRef = 94FEE60D2C33C58A00E32A00 /* IGTextFieldModifier.swift */; };
		94FEE6102C33C64C00E32A00 /* CreateUsernameView.swift in Sources */ = {isa = PBXBuildFile; fileRef = 94FEE60F2C33C64C00E32A00 /* CreateUsernameView.swift */; };
		94FEE6122C33D30B00E32A00 /* CreatePasswordView.swift in Sources */ = {isa = PBXBuildFile; fileRef = 94FEE6112C33D30B00E32A00 /* CreatePasswordView.swift */; };
		94FEE6142C33D3BA00E32A00 /* CompleteSignUpView.swift in Sources */ = {isa = PBXBuildFile; fileRef = 94FEE6132C33D3BA00E32A00 /* CompleteSignUpView.swift */; };
		94FEE6162C33D59500E32A00 /* User.swift in Sources */ = {isa = PBXBuildFile; fileRef = 94FEE6152C33D59500E32A00 /* User.swift */; };
		94FEE6182C34237500E32A00 /* CurrentUserProfileView.swift in Sources */ = {isa = PBXBuildFile; fileRef = 94FEE6172C34237500E32A00 /* CurrentUserProfileView.swift */; };
		94FEE61A2C3424FD00E32A00 /* Post.swift in Sources */ = {isa = PBXBuildFile; fileRef = 94FEE6192C3424FD00E32A00 /* Post.swift */; };
		94FEE61C2C34E28900E32A00 /* PostGridView.swift in Sources */ = {isa = PBXBuildFile; fileRef = 94FEE61B2C34E28900E32A00 /* PostGridView.swift */; };
		94FEE61E2C34E47200E32A00 /* ProfileHeaderView.swift in Sources */ = {isa = PBXBuildFile; fileRef = 94FEE61D2C34E47200E32A00 /* ProfileHeaderView.swift */; };
		94FEE6202C34EB1500E32A00 /* UploadPostView.swift in Sources */ = {isa = PBXBuildFile; fileRef = 94FEE61F2C34EB1500E32A00 /* UploadPostView.swift */; };
		94FEE6222C34ECF700E32A00 /* UploadPostViewModel.swift in Sources */ = {isa = PBXBuildFile; fileRef = 94FEE6212C34ECF700E32A00 /* UploadPostViewModel.swift */; };
		94FEE6242C34F81300E32A00 /* GoogleService-Info.plist in Resources */ = {isa = PBXBuildFile; fileRef = 94FEE6232C34F81300E32A00 /* GoogleService-Info.plist */; };
/* End PBXBuildFile section */

/* Begin PBXFileReference section */
		94039DC12C4273610058007E /* UserListConfig.swift */ = {isa = PBXFileReference; lastKnownFileType = sourcecode.swift; path = UserListConfig.swift; sourceTree = "<group>"; };
		94039DC32C4298A80058007E /* UserListView.swift */ = {isa = PBXFileReference; lastKnownFileType = sourcecode.swift; path = UserListView.swift; sourceTree = "<group>"; };
		94039DC52C4298F40058007E /* UserListViewModel.swift */ = {isa = PBXFileReference; lastKnownFileType = sourcecode.swift; path = UserListViewModel.swift; sourceTree = "<group>"; };
		94039DCC2C42A0620058007E /* NotificationsView.swift */ = {isa = PBXFileReference; lastKnownFileType = sourcecode.swift; path = NotificationsView.swift; sourceTree = "<group>"; };
		94039DCE2C42A06C0058007E /* NotificationCell.swift */ = {isa = PBXFileReference; lastKnownFileType = sourcecode.swift; path = NotificationCell.swift; sourceTree = "<group>"; };
		946098062C3662110004E950 /* ContentViewModel.swift */ = {isa = PBXFileReference; lastKnownFileType = sourcecode.swift; path = ContentViewModel.swift; sourceTree = "<group>"; };
		9471430D2C36EF0E003BFFF8 /* LoginViewModel.swift */ = {isa = PBXFileReference; lastKnownFileType = sourcecode.swift; path = LoginViewModel.swift; sourceTree = "<group>"; };
		947143122C37CD92003BFFF8 /* UserService.swift */ = {isa = PBXFileReference; lastKnownFileType = sourcecode.swift; path = UserService.swift; sourceTree = "<group>"; };
		947143162C37CE67003BFFF8 /* SearchViewModel.swift */ = {isa = PBXFileReference; lastKnownFileType = sourcecode.swift; path = SearchViewModel.swift; sourceTree = "<group>"; };
		947143182C383412003BFFF8 /* EditProfileView.swift */ = {isa = PBXFileReference; lastKnownFileType = sourcecode.swift; path = EditProfileView.swift; sourceTree = "<group>"; };
		94802E932C38389100A2E4E4 /* EditProfileViewModel.swift */ = {isa = PBXFileReference; lastKnownFileType = sourcecode.swift; path = EditProfileViewModel.swift; sourceTree = "<group>"; };
		94802E952C3D091E00A2E4E4 /* ImageUploader.swift */ = {isa = PBXFileReference; lastKnownFileType = sourcecode.swift; path = ImageUploader.swift; sourceTree = "<group>"; };
		94802E9A2C3D103E00A2E4E4 /* CircularProfileImageView.swift */ = {isa = PBXFileReference; lastKnownFileType = sourcecode.swift; path = CircularProfileImageView.swift; sourceTree = "<group>"; };
		94802EA02C3F909700A2E4E4 /* FeedViewModel.swift */ = {isa = PBXFileReference; lastKnownFileType = sourcecode.swift; path = FeedViewModel.swift; sourceTree = "<group>"; };
		94802EA22C3F9A8C00A2E4E4 /* PostService.swift */ = {isa = PBXFileReference; lastKnownFileType = sourcecode.swift; path = PostService.swift; sourceTree = "<group>"; };
		94802EA62C3F9CB700A2E4E4 /* PostGridViewModel.swift */ = {isa = PBXFileReference; lastKnownFileType = sourcecode.swift; path = PostGridViewModel.swift; sourceTree = "<group>"; };
		94802EAA2C3FA2D100A2E4E4 /* FeedCellViewModel.swift */ = {isa = PBXFileReference; lastKnownFileType = sourcecode.swift; path = FeedCellViewModel.swift; sourceTree = "<group>"; };
		94802EB12C400DA600A2E4E4 /* CommentsView.swift */ = {isa = PBXFileReference; lastKnownFileType = sourcecode.swift; path = CommentsView.swift; sourceTree = "<group>"; };
		94802EB32C400DB100A2E4E4 /* CommentsCell.swift */ = {isa = PBXFileReference; lastKnownFileType = sourcecode.swift; path = CommentsCell.swift; sourceTree = "<group>"; };
		94802ED52C4013B900A2E4E4 /* Comment.swift */ = {isa = PBXFileReference; lastKnownFileType = sourcecode.swift; path = Comment.swift; sourceTree = "<group>"; };
		94802ED72C4014B600A2E4E4 /* CommentService.swift */ = {isa = PBXFileReference; lastKnownFileType = sourcecode.swift; path = CommentService.swift; sourceTree = "<group>"; };
		94802ED92C4014C000A2E4E4 /* CommentsViewModel.swift */ = {isa = PBXFileReference; lastKnownFileType = sourcecode.swift; path = CommentsViewModel.swift; sourceTree = "<group>"; };
		94802EDB2C40190E00A2E4E4 /* DeveloperPreview.swift */ = {isa = PBXFileReference; lastKnownFileType = sourcecode.swift; path = DeveloperPreview.swift; sourceTree = "<group>"; };
		94B975332C35710000CB7E78 /* AuthService.swift */ = {isa = PBXFileReference; lastKnownFileType = sourcecode.swift; path = AuthService.swift; sourceTree = "<group>"; };
		94D391E92C36738200D709BA /* RegistrationViewModel.swift */ = {isa = PBXFileReference; lastKnownFileType = sourcecode.swift; path = RegistrationViewModel.swift; sourceTree = "<group>"; };
		94FBA7592C40F34900B2DEAE /* Timestamp.swift */ = {isa = PBXFileReference; lastKnownFileType = sourcecode.swift; path = Timestamp.swift; sourceTree = "<group>"; };
		94FBA75C2C40F48900B2DEAE /* Constants.swift */ = {isa = PBXFileReference; lastKnownFileType = sourcecode.swift; path = Constants.swift; sourceTree = "<group>"; };
		94FBA75E2C40F71200B2DEAE /* ProfileViewModel.swift */ = {isa = PBXFileReference; lastKnownFileType = sourcecode.swift; path = ProfileViewModel.swift; sourceTree = "<group>"; };
		94FEE5DE2C32CF7C00E32A00 /* InstagramTutorial.app */ = {isa = PBXFileReference; explicitFileType = wrapper.application; includeInIndex = 0; path = InstagramTutorial.app; sourceTree = BUILT_PRODUCTS_DIR; };
		94FEE5E12C32CF7C00E32A00 /* InstagramTutorialApp.swift */ = {isa = PBXFileReference; lastKnownFileType = sourcecode.swift; path = InstagramTutorialApp.swift; sourceTree = "<group>"; };
		94FEE5E32C32CF7C00E32A00 /* ContentView.swift */ = {isa = PBXFileReference; lastKnownFileType = sourcecode.swift; path = ContentView.swift; sourceTree = "<group>"; };
		94FEE5E52C32CF8100E32A00 /* Assets.xcassets */ = {isa = PBXFileReference; lastKnownFileType = folder.assetcatalog; path = Assets.xcassets; sourceTree = "<group>"; };
		94FEE5E82C32CF8100E32A00 /* Preview Assets.xcassets */ = {isa = PBXFileReference; lastKnownFileType = folder.assetcatalog; path = "Preview Assets.xcassets"; sourceTree = "<group>"; };
		94FEE5FC2C32D0FD00E32A00 /* MainTabView.swift */ = {isa = PBXFileReference; lastKnownFileType = sourcecode.swift; path = MainTabView.swift; sourceTree = "<group>"; };
		94FEE5FE2C32D1F700E32A00 /* ProfileView.swift */ = {isa = PBXFileReference; lastKnownFileType = sourcecode.swift; path = ProfileView.swift; sourceTree = "<group>"; };
		94FEE6012C32D60E00E32A00 /* UserStatView.swift */ = {isa = PBXFileReference; lastKnownFileType = sourcecode.swift; path = UserStatView.swift; sourceTree = "<group>"; };
		94FEE6032C32D94200E32A00 /* FeedView.swift */ = {isa = PBXFileReference; lastKnownFileType = sourcecode.swift; path = FeedView.swift; sourceTree = "<group>"; };
		94FEE6052C32D94800E32A00 /* FeedCell.swift */ = {isa = PBXFileReference; lastKnownFileType = sourcecode.swift; path = FeedCell.swift; sourceTree = "<group>"; };
		94FEE6072C32E00000E32A00 /* SearchView.swift */ = {isa = PBXFileReference; lastKnownFileType = sourcecode.swift; path = SearchView.swift; sourceTree = "<group>"; };
		94FEE6092C32E2C100E32A00 /* LoginView.swift */ = {isa = PBXFileReference; lastKnownFileType = sourcecode.swift; path = LoginView.swift; sourceTree = "<group>"; };
		94FEE60B2C33C3A200E32A00 /* AddEmailView.swift */ = {isa = PBXFileReference; lastKnownFileType = sourcecode.swift; path = AddEmailView.swift; sourceTree = "<group>"; };
		94FEE60D2C33C58A00E32A00 /* IGTextFieldModifier.swift */ = {isa = PBXFileReference; lastKnownFileType = sourcecode.swift; path = IGTextFieldModifier.swift; sourceTree = "<group>"; };
		94FEE60F2C33C64C00E32A00 /* CreateUsernameView.swift */ = {isa = PBXFileReference; lastKnownFileType = sourcecode.swift; path = CreateUsernameView.swift; sourceTree = "<group>"; };
		94FEE6112C33D30B00E32A00 /* CreatePasswordView.swift */ = {isa = PBXFileReference; lastKnownFileType = sourcecode.swift; path = CreatePasswordView.swift; sourceTree = "<group>"; };
		94FEE6132C33D3BA00E32A00 /* CompleteSignUpView.swift */ = {isa = PBXFileReference; lastKnownFileType = sourcecode.swift; path = CompleteSignUpView.swift; sourceTree = "<group>"; };
		94FEE6152C33D59500E32A00 /* User.swift */ = {isa = PBXFileReference; lastKnownFileType = sourcecode.swift; path = User.swift; sourceTree = "<group>"; };
		94FEE6172C34237500E32A00 /* CurrentUserProfileView.swift */ = {isa = PBXFileReference; lastKnownFileType = sourcecode.swift; path = CurrentUserProfileView.swift; sourceTree = "<group>"; };
		94FEE6192C3424FD00E32A00 /* Post.swift */ = {isa = PBXFileReference; lastKnownFileType = sourcecode.swift; path = Post.swift; sourceTree = "<group>"; };
		94FEE61B2C34E28900E32A00 /* PostGridView.swift */ = {isa = PBXFileReference; lastKnownFileType = sourcecode.swift; path = PostGridView.swift; sourceTree = "<group>"; };
		94FEE61D2C34E47200E32A00 /* ProfileHeaderView.swift */ = {isa = PBXFileReference; lastKnownFileType = sourcecode.swift; path = ProfileHeaderView.swift; sourceTree = "<group>"; };
		94FEE61F2C34EB1500E32A00 /* UploadPostView.swift */ = {isa = PBXFileReference; lastKnownFileType = sourcecode.swift; path = UploadPostView.swift; sourceTree = "<group>"; };
		94FEE6212C34ECF700E32A00 /* UploadPostViewModel.swift */ = {isa = PBXFileReference; lastKnownFileType = sourcecode.swift; path = UploadPostViewModel.swift; sourceTree = "<group>"; };
		94FEE6232C34F81300E32A00 /* GoogleService-Info.plist */ = {isa = PBXFileReference; fileEncoding = 4; lastKnownFileType = text.plist.xml; path = "GoogleService-Info.plist"; sourceTree = "<group>"; };
/* End PBXFileReference section */

/* Begin PBXFrameworksBuildPhase section */
		94FEE5DB2C32CF7C00E32A00 /* Frameworks */ = {
			isa = PBXFrameworksBuildPhase;
			buildActionMask = 2147483647;
			files = (
				946097FD2C36603E0004E950 /* FirebaseDatabase in Frameworks */,
				946097EF2C36603E0004E950 /* FirebaseAnalyticsSwift in Frameworks */,
				94802E992C3D0F8800A2E4E4 /* Kingfisher in Frameworks */,
				946097EB2C36603E0004E950 /* FirebaseAnalytics in Frameworks */,
				946097ED2C36603E0004E950 /* FirebaseAnalyticsOnDeviceConversion in Frameworks */,
				946097F32C36603E0004E950 /* FirebaseAppCheck in Frameworks */,
				946097F12C36603E0004E950 /* FirebaseAnalyticsWithoutAdIdSupport in Frameworks */,
				946097F72C36603E0004E950 /* FirebaseAuth in Frameworks */,
				94802EA92C3FA16900A2E4E4 /* FirebaseStorage in Frameworks */,
				947143112C37C4A7003BFFF8 /* FirebaseFirestoreSwift in Frameworks */,
				946097FB2C36603E0004E950 /* FirebaseCrashlytics in Frameworks */,
				946097FF2C36603E0004E950 /* FirebaseDatabaseSwift in Frameworks */,
				946097F52C36603E0004E950 /* FirebaseAppDistribution-Beta in Frameworks */,
				946097F92C36603E0004E950 /* FirebaseAuthCombine-Community in Frameworks */,
				946098012C36603E0004E950 /* FirebaseDynamicLinks in Frameworks */,
			);
			runOnlyForDeploymentPostprocessing = 0;
		};
/* End PBXFrameworksBuildPhase section */

/* Begin PBXGroup section */
		94039DC72C42A00B0058007E /* Notifications */ = {
			isa = PBXGroup;
			children = (
				94039DC92C42A02F0058007E /* View */,
				94039DCA2C42A0320058007E /* ViewModel */,
				94039DC82C42A0280058007E /* Model */,
				94039DCB2C42A0360058007E /* Service */,
			);
			path = Notifications;
			sourceTree = "<group>";
		};
		94039DC82C42A0280058007E /* Model */ = {
			isa = PBXGroup;
			children = (
			);
			path = Model;
			sourceTree = "<group>";
		};
		94039DC92C42A02F0058007E /* View */ = {
			isa = PBXGroup;
			children = (
				94039DCC2C42A0620058007E /* NotificationsView.swift */,
				94039DCE2C42A06C0058007E /* NotificationCell.swift */,
			);
			path = View;
			sourceTree = "<group>";
		};
		94039DCA2C42A0320058007E /* ViewModel */ = {
			isa = PBXGroup;
			children = (
			);
			path = ViewModel;
			sourceTree = "<group>";
		};
		94039DCB2C42A0360058007E /* Service */ = {
			isa = PBXGroup;
			children = (
			);
			path = Service;
			sourceTree = "<group>";
		};
		946098042C3661FA0004E950 /* View */ = {
			isa = PBXGroup;
			children = (
				94FEE5E32C32CF7C00E32A00 /* ContentView.swift */,
			);
			path = View;
			sourceTree = "<group>";
		};
		946098052C3661FE0004E950 /* ViewModel */ = {
			isa = PBXGroup;
			children = (
				946098062C3662110004E950 /* ContentViewModel.swift */,
			);
			path = ViewModel;
			sourceTree = "<group>";
		};
		9471430F2C37C4A7003BFFF8 /* Frameworks */ = {
			isa = PBXGroup;
			children = (
			);
			name = Frameworks;
			sourceTree = "<group>";
		};
		947143142C37CE56003BFFF8 /* View */ = {
			isa = PBXGroup;
			children = (
				94FEE6072C32E00000E32A00 /* SearchView.swift */,
			);
			path = View;
			sourceTree = "<group>";
		};
		947143152C37CE5A003BFFF8 /* ViewModel */ = {
			isa = PBXGroup;
			children = (
				947143162C37CE67003BFFF8 /* SearchViewModel.swift */,
			);
			path = ViewModel;
			sourceTree = "<group>";
		};
		94802E912C38385800A2E4E4 /* ViewModel */ = {
			isa = PBXGroup;
			children = (
				94802E932C38389100A2E4E4 /* EditProfileViewModel.swift */,
				94FBA75E2C40F71200B2DEAE /* ProfileViewModel.swift */,
			);
			path = ViewModel;
			sourceTree = "<group>";
		};
		94802E922C38386000A2E4E4 /* View */ = {
			isa = PBXGroup;
			children = (
				94FEE61D2C34E47200E32A00 /* ProfileHeaderView.swift */,
				94FEE5FE2C32D1F700E32A00 /* ProfileView.swift */,
				947143182C383412003BFFF8 /* EditProfileView.swift */,
				94FEE6172C34237500E32A00 /* CurrentUserProfileView.swift */,
			);
			path = View;
			sourceTree = "<group>";
		};
		94802E9C2C3F8D7500A2E4E4 /* View */ = {
			isa = PBXGroup;
			children = (
				94FEE61F2C34EB1500E32A00 /* UploadPostView.swift */,
			);
			path = View;
			sourceTree = "<group>";
		};
		94802E9D2C3F8D7B00A2E4E4 /* ViewModel */ = {
			isa = PBXGroup;
			children = (
				94FEE6212C34ECF700E32A00 /* UploadPostViewModel.swift */,
			);
			path = ViewModel;
			sourceTree = "<group>";
		};
		94802E9E2C3F907A00A2E4E4 /* View */ = {
			isa = PBXGroup;
			children = (
				94FEE6032C32D94200E32A00 /* FeedView.swift */,
				94FEE6052C32D94800E32A00 /* FeedCell.swift */,
			);
			path = View;
			sourceTree = "<group>";
		};
		94802E9F2C3F907D00A2E4E4 /* ViewModel */ = {
			isa = PBXGroup;
			children = (
				94802EA02C3F909700A2E4E4 /* FeedViewModel.swift */,
				94802EAA2C3FA2D100A2E4E4 /* FeedCellViewModel.swift */,
			);
			path = ViewModel;
			sourceTree = "<group>";
		};
		94802EA42C3F9C9E00A2E4E4 /* View */ = {
			isa = PBXGroup;
			children = (
				94FEE6012C32D60E00E32A00 /* UserStatView.swift */,
				94FEE60D2C33C58A00E32A00 /* IGTextFieldModifier.swift */,
				94FEE61B2C34E28900E32A00 /* PostGridView.swift */,
				94802E9A2C3D103E00A2E4E4 /* CircularProfileImageView.swift */,
				94039DC32C4298A80058007E /* UserListView.swift */,
			);
			path = View;
			sourceTree = "<group>";
		};
		94802EA52C3F9CA200A2E4E4 /* ViewModel */ = {
			isa = PBXGroup;
			children = (
				94802EA62C3F9CB700A2E4E4 /* PostGridViewModel.swift */,
				94039DC52C4298F40058007E /* UserListViewModel.swift */,
			);
			path = ViewModel;
			sourceTree = "<group>";
		};
		94802EAC2C400D6100A2E4E4 /* Comments */ = {
			isa = PBXGroup;
			children = (
				94802EB02C400D7800A2E4E4 /* Model */,
				94802EAF2C400D7700A2E4E4 /* View */,
				94802EAE2C400D7500A2E4E4 /* ViewModel */,
				94802EAD2C400D7400A2E4E4 /* Service */,
			);
			path = Comments;
			sourceTree = "<group>";
		};
		94802EAD2C400D7400A2E4E4 /* Service */ = {
			isa = PBXGroup;
			children = (
				94802ED72C4014B600A2E4E4 /* CommentService.swift */,
			);
			path = Service;
			sourceTree = "<group>";
		};
		94802EAE2C400D7500A2E4E4 /* ViewModel */ = {
			isa = PBXGroup;
			children = (
				94802ED92C4014C000A2E4E4 /* CommentsViewModel.swift */,
			);
			path = ViewModel;
			sourceTree = "<group>";
		};
		94802EAF2C400D7700A2E4E4 /* View */ = {
			isa = PBXGroup;
			children = (
				94802EB12C400DA600A2E4E4 /* CommentsView.swift */,
				94802EB32C400DB100A2E4E4 /* CommentsCell.swift */,
			);
			path = View;
			sourceTree = "<group>";
		};
		94802EB02C400D7800A2E4E4 /* Model */ = {
			isa = PBXGroup;
			children = (
				94802ED52C4013B900A2E4E4 /* Comment.swift */,
			);
			path = Model;
			sourceTree = "<group>";
		};
		94B9752F2C3570D600CB7E78 /* View */ = {
			isa = PBXGroup;
			children = (
				94FEE6092C32E2C100E32A00 /* LoginView.swift */,
				94FEE6112C33D30B00E32A00 /* CreatePasswordView.swift */,
				94FEE60B2C33C3A200E32A00 /* AddEmailView.swift */,
				94FEE60F2C33C64C00E32A00 /* CreateUsernameView.swift */,
				94FEE6132C33D3BA00E32A00 /* CompleteSignUpView.swift */,
			);
			path = View;
			sourceTree = "<group>";
		};
		94B975302C3570E700CB7E78 /* Service */ = {
			isa = PBXGroup;
			children = (
				94B975332C35710000CB7E78 /* AuthService.swift */,
			);
			path = Service;
			sourceTree = "<group>";
		};
		94D391E82C36736700D709BA /* ViewModel */ = {
			isa = PBXGroup;
			children = (
				94D391E92C36738200D709BA /* RegistrationViewModel.swift */,
				9471430D2C36EF0E003BFFF8 /* LoginViewModel.swift */,
			);
			path = ViewModel;
			sourceTree = "<group>";
		};
		94FBA75B2C40F47A00B2DEAE /* Utils */ = {
			isa = PBXGroup;
			children = (
				94FBA75C2C40F48900B2DEAE /* Constants.swift */,
			);
			path = Utils;
			sourceTree = "<group>";
		};
		94FEE5D52C32CF7C00E32A00 = {
			isa = PBXGroup;
			children = (
				94FEE5E02C32CF7C00E32A00 /* InstagramTutorial */,
				94FEE5DF2C32CF7C00E32A00 /* Products */,
				9471430F2C37C4A7003BFFF8 /* Frameworks */,
			);
			sourceTree = "<group>";
		};
		94FEE5DF2C32CF7C00E32A00 /* Products */ = {
			isa = PBXGroup;
			children = (
				94FEE5DE2C32CF7C00E32A00 /* InstagramTutorial.app */,
			);
			name = Products;
			sourceTree = "<group>";
		};
		94FEE5E02C32CF7C00E32A00 /* InstagramTutorial */ = {
			isa = PBXGroup;
			children = (
				94FEE5F42C32CFBA00E32A00 /* App */,
				94FEE5F22C32CFB300E32A00 /* Core */,
				94FEE5F12C32CFB300E32A00 /* Extensions */,
				94FEE5F02C32CFB200E32A00 /* Model */,
				94FEE5EF2C32CFAE00E32A00 /* Services */,
				94FBA75B2C40F47A00B2DEAE /* Utils */,
				94FEE5E52C32CF8100E32A00 /* Assets.xcassets */,
				94FEE6232C34F81300E32A00 /* GoogleService-Info.plist */,
				94FEE5E72C32CF8100E32A00 /* Preview Content */,
			);
			path = InstagramTutorial;
			sourceTree = "<group>";
		};
		94FEE5E72C32CF8100E32A00 /* Preview Content */ = {
			isa = PBXGroup;
			children = (
				94FEE5E82C32CF8100E32A00 /* Preview Assets.xcassets */,
			);
			path = "Preview Content";
			sourceTree = "<group>";
		};
		94FEE5EF2C32CFAE00E32A00 /* Services */ = {
			isa = PBXGroup;
			children = (
				947143122C37CD92003BFFF8 /* UserService.swift */,
				94802E952C3D091E00A2E4E4 /* ImageUploader.swift */,
				94802EA22C3F9A8C00A2E4E4 /* PostService.swift */,
			);
			path = Services;
			sourceTree = "<group>";
		};
		94FEE5F02C32CFB200E32A00 /* Model */ = {
			isa = PBXGroup;
			children = (
				94FEE6152C33D59500E32A00 /* User.swift */,
				94FEE6192C3424FD00E32A00 /* Post.swift */,
				94039DC12C4273610058007E /* UserListConfig.swift */,
			);
			path = Model;
			sourceTree = "<group>";
		};
		94FEE5F12C32CFB300E32A00 /* Extensions */ = {
			isa = PBXGroup;
			children = (
				94802EDB2C40190E00A2E4E4 /* DeveloperPreview.swift */,
				94FBA7592C40F34900B2DEAE /* Timestamp.swift */,
			);
			path = Extensions;
			sourceTree = "<group>";
		};
		94FEE5F22C32CFB300E32A00 /* Core */ = {
			isa = PBXGroup;
			children = (
				94039DC72C42A00B0058007E /* Notifications */,
				94FEE5F52C32D00700E32A00 /* Authentication */,
				94802EAC2C400D6100A2E4E4 /* Comments */,
				94FEE6002C32D5F600E32A00 /* Components */,
				94FEE5F62C32D01400E32A00 /* Feed */,
				94FEE5F72C32D01C00E32A00 /* Profile */,
				94FEE5F82C32D02100E32A00 /* Root */,
				94FEE5F92C32D02800E32A00 /* Search */,
				94FEE5FA2C32D03B00E32A00 /* TabBar */,
				94FEE5FB2C32D04500E32A00 /* UploadPost */,
			);
			path = Core;
			sourceTree = "<group>";
		};
		94FEE5F42C32CFBA00E32A00 /* App */ = {
			isa = PBXGroup;
			children = (
				94FEE5E12C32CF7C00E32A00 /* InstagramTutorialApp.swift */,
			);
			path = App;
			sourceTree = "<group>";
		};
		94FEE5F52C32D00700E32A00 /* Authentication */ = {
			isa = PBXGroup;
			children = (
				94B9752F2C3570D600CB7E78 /* View */,
				94D391E82C36736700D709BA /* ViewModel */,
				94B975302C3570E700CB7E78 /* Service */,
			);
			path = Authentication;
			sourceTree = "<group>";
		};
		94FEE5F62C32D01400E32A00 /* Feed */ = {
			isa = PBXGroup;
			children = (
				94802E9E2C3F907A00A2E4E4 /* View */,
				94802E9F2C3F907D00A2E4E4 /* ViewModel */,
			);
			path = Feed;
			sourceTree = "<group>";
		};
		94FEE5F72C32D01C00E32A00 /* Profile */ = {
			isa = PBXGroup;
			children = (
				94802E922C38386000A2E4E4 /* View */,
				94802E912C38385800A2E4E4 /* ViewModel */,
			);
			path = Profile;
			sourceTree = "<group>";
		};
		94FEE5F82C32D02100E32A00 /* Root */ = {
			isa = PBXGroup;
			children = (
				946098052C3661FE0004E950 /* ViewModel */,
				946098042C3661FA0004E950 /* View */,
			);
			path = Root;
			sourceTree = "<group>";
		};
		94FEE5F92C32D02800E32A00 /* Search */ = {
			isa = PBXGroup;
			children = (
				947143142C37CE56003BFFF8 /* View */,
				947143152C37CE5A003BFFF8 /* ViewModel */,
			);
			path = Search;
			sourceTree = "<group>";
		};
		94FEE5FA2C32D03B00E32A00 /* TabBar */ = {
			isa = PBXGroup;
			children = (
				94FEE5FC2C32D0FD00E32A00 /* MainTabView.swift */,
			);
			path = TabBar;
			sourceTree = "<group>";
		};
		94FEE5FB2C32D04500E32A00 /* UploadPost */ = {
			isa = PBXGroup;
			children = (
				94802E9C2C3F8D7500A2E4E4 /* View */,
				94802E9D2C3F8D7B00A2E4E4 /* ViewModel */,
			);
			path = UploadPost;
			sourceTree = "<group>";
		};
		94FEE6002C32D5F600E32A00 /* Components */ = {
			isa = PBXGroup;
			children = (
				94802EA42C3F9C9E00A2E4E4 /* View */,
				94802EA52C3F9CA200A2E4E4 /* ViewModel */,
			);
			path = Components;
			sourceTree = "<group>";
		};
/* End PBXGroup section */

/* Begin PBXNativeTarget section */
		94FEE5DD2C32CF7C00E32A00 /* InstagramTutorial */ = {
			isa = PBXNativeTarget;
			buildConfigurationList = 94FEE5EC2C32CF8100E32A00 /* Build configuration list for PBXNativeTarget "InstagramTutorial" */;
			buildPhases = (
				94FEE5DA2C32CF7C00E32A00 /* Sources */,
				94FEE5DB2C32CF7C00E32A00 /* Frameworks */,
				94FEE5DC2C32CF7C00E32A00 /* Resources */,
			);
			buildRules = (
			);
			dependencies = (
			);
			name = InstagramTutorial;
			packageProductDependencies = (
				946097EA2C36603E0004E950 /* FirebaseAnalytics */,
				946097EC2C36603E0004E950 /* FirebaseAnalyticsOnDeviceConversion */,
				946097EE2C36603E0004E950 /* FirebaseAnalyticsSwift */,
				946097F02C36603E0004E950 /* FirebaseAnalyticsWithoutAdIdSupport */,
				946097F22C36603E0004E950 /* FirebaseAppCheck */,
				946097F42C36603E0004E950 /* FirebaseAppDistribution-Beta */,
				946097F62C36603E0004E950 /* FirebaseAuth */,
				946097F82C36603E0004E950 /* FirebaseAuthCombine-Community */,
				946097FA2C36603E0004E950 /* FirebaseCrashlytics */,
				946097FC2C36603E0004E950 /* FirebaseDatabase */,
				946097FE2C36603E0004E950 /* FirebaseDatabaseSwift */,
				946098002C36603E0004E950 /* FirebaseDynamicLinks */,
				947143102C37C4A7003BFFF8 /* FirebaseFirestoreSwift */,
				94802E982C3D0F8800A2E4E4 /* Kingfisher */,
				94802EA82C3FA16900A2E4E4 /* FirebaseStorage */,
			);
			productName = InstagramTutorial;
			productReference = 94FEE5DE2C32CF7C00E32A00 /* InstagramTutorial.app */;
			productType = "com.apple.product-type.application";
		};
/* End PBXNativeTarget section */

/* Begin PBXProject section */
		94FEE5D62C32CF7C00E32A00 /* Project object */ = {
			isa = PBXProject;
			attributes = {
				BuildIndependentTargetsInParallel = 1;
				LastSwiftUpdateCheck = 1500;
				LastUpgradeCheck = 1500;
				TargetAttributes = {
					94FEE5DD2C32CF7C00E32A00 = {
						CreatedOnToolsVersion = 15.0.1;
					};
				};
			};
			buildConfigurationList = 94FEE5D92C32CF7C00E32A00 /* Build configuration list for PBXProject "InstagramTutorial" */;
			compatibilityVersion = "Xcode 14.0";
			developmentRegion = en;
			hasScannedForEncodings = 0;
			knownRegions = (
				en,
				Base,
			);
			mainGroup = 94FEE5D52C32CF7C00E32A00;
			packageReferences = (
				946097E92C36603E0004E950 /* XCRemoteSwiftPackageReference "firebase-ios-sdk" */,
				94802E972C3D0F8800A2E4E4 /* XCRemoteSwiftPackageReference "Kingfisher" */,
			);
			productRefGroup = 94FEE5DF2C32CF7C00E32A00 /* Products */;
			projectDirPath = "";
			projectRoot = "";
			targets = (
				94FEE5DD2C32CF7C00E32A00 /* InstagramTutorial */,
			);
		};
/* End PBXProject section */

/* Begin PBXResourcesBuildPhase section */
		94FEE5DC2C32CF7C00E32A00 /* Resources */ = {
			isa = PBXResourcesBuildPhase;
			buildActionMask = 2147483647;
			files = (
				94FEE5E92C32CF8100E32A00 /* Preview Assets.xcassets in Resources */,
				94FEE5E62C32CF8100E32A00 /* Assets.xcassets in Resources */,
				94FEE6242C34F81300E32A00 /* GoogleService-Info.plist in Resources */,
			);
			runOnlyForDeploymentPostprocessing = 0;
		};
/* End PBXResourcesBuildPhase section */

/* Begin PBXSourcesBuildPhase section */
		94FEE5DA2C32CF7C00E32A00 /* Sources */ = {
			isa = PBXSourcesBuildPhase;
			buildActionMask = 2147483647;
			files = (
				94039DC22C4273610058007E /* UserListConfig.swift in Sources */,
				94FBA75A2C40F34900B2DEAE /* Timestamp.swift in Sources */,
				94FEE6062C32D94800E32A00 /* FeedCell.swift in Sources */,
				94FEE6202C34EB1500E32A00 /* UploadPostView.swift in Sources */,
				94802EDC2C40190E00A2E4E4 /* DeveloperPreview.swift in Sources */,
				94802EB22C400DA600A2E4E4 /* CommentsView.swift in Sources */,
				94039DCF2C42A06C0058007E /* NotificationCell.swift in Sources */,
				94FEE5FF2C32D1F700E32A00 /* ProfileView.swift in Sources */,
				94FEE5E42C32CF7C00E32A00 /* ContentView.swift in Sources */,
				94FEE60A2C32E2C100E32A00 /* LoginView.swift in Sources */,
				94FBA75D2C40F48900B2DEAE /* Constants.swift in Sources */,
				94802E942C38389100A2E4E4 /* EditProfileViewModel.swift in Sources */,
				94039DC62C4298F40058007E /* UserListViewModel.swift in Sources */,
				94B975342C35710000CB7E78 /* AuthService.swift in Sources */,
				947143132C37CD92003BFFF8 /* UserService.swift in Sources */,
				94FEE61A2C3424FD00E32A00 /* Post.swift in Sources */,
				94FEE5E22C32CF7C00E32A00 /* InstagramTutorialApp.swift in Sources */,
				94FEE6182C34237500E32A00 /* CurrentUserProfileView.swift in Sources */,
				94FEE60C2C33C3A200E32A00 /* AddEmailView.swift in Sources */,
				94039DC42C4298A80058007E /* UserListView.swift in Sources */,
				94FEE61C2C34E28900E32A00 /* PostGridView.swift in Sources */,
				94FEE6102C33C64C00E32A00 /* CreateUsernameView.swift in Sources */,
				94FBA75F2C40F71200B2DEAE /* ProfileViewModel.swift in Sources */,
				94802EA12C3F909700A2E4E4 /* FeedViewModel.swift in Sources */,
				94039DCD2C42A0620058007E /* NotificationsView.swift in Sources */,
				946098072C3662120004E950 /* ContentViewModel.swift in Sources */,
				94802EAB2C3FA2D100A2E4E4 /* FeedCellViewModel.swift in Sources */,
				94802EA32C3F9A8D00A2E4E4 /* PostService.swift in Sources */,
				94802ED82C4014B600A2E4E4 /* CommentService.swift in Sources */,
				94802EDA2C4014C000A2E4E4 /* CommentsViewModel.swift in Sources */,
				947143192C383413003BFFF8 /* EditProfileView.swift in Sources */,
				94802EA72C3F9CB700A2E4E4 /* PostGridViewModel.swift in Sources */,
				9471430E2C36EF0E003BFFF8 /* LoginViewModel.swift in Sources */,
				94802E962C3D091E00A2E4E4 /* ImageUploader.swift in Sources */,
				94D391EA2C36738200D709BA /* RegistrationViewModel.swift in Sources */,
				94FEE6222C34ECF700E32A00 /* UploadPostViewModel.swift in Sources */,
				94FEE61E2C34E47200E32A00 /* ProfileHeaderView.swift in Sources */,
				94FEE6142C33D3BA00E32A00 /* CompleteSignUpView.swift in Sources */,
				94FEE6162C33D59500E32A00 /* User.swift in Sources */,
				94FEE6082C32E00000E32A00 /* SearchView.swift in Sources */,
				94802EB42C400DB100A2E4E4 /* CommentsCell.swift in Sources */,
				94FEE60E2C33C58A00E32A00 /* IGTextFieldModifier.swift in Sources */,
				94FEE6022C32D60E00E32A00 /* UserStatView.swift in Sources */,
				94FEE6042C32D94200E32A00 /* FeedView.swift in Sources */,
				94802E9B2C3D103E00A2E4E4 /* CircularProfileImageView.swift in Sources */,
				947143172C37CE67003BFFF8 /* SearchViewModel.swift in Sources */,
				94802ED62C4013B900A2E4E4 /* Comment.swift in Sources */,
				94FEE5FD2C32D0FD00E32A00 /* MainTabView.swift in Sources */,
				94FEE6122C33D30B00E32A00 /* CreatePasswordView.swift in Sources */,
			);
			runOnlyForDeploymentPostprocessing = 0;
		};
/* End PBXSourcesBuildPhase section */

/* Begin XCBuildConfiguration section */
		94FEE5EA2C32CF8100E32A00 /* Debug */ = {
			isa = XCBuildConfiguration;
			buildSettings = {
				ALWAYS_SEARCH_USER_PATHS = NO;
				ASSETCATALOG_COMPILER_GENERATE_SWIFT_ASSET_SYMBOL_EXTENSIONS = YES;
				CLANG_ANALYZER_NONNULL = YES;
				CLANG_ANALYZER_NUMBER_OBJECT_CONVERSION = YES_AGGRESSIVE;
				CLANG_CXX_LANGUAGE_STANDARD = "gnu++20";
				CLANG_ENABLE_MODULES = YES;
				CLANG_ENABLE_OBJC_ARC = YES;
				CLANG_ENABLE_OBJC_WEAK = YES;
				CLANG_WARN_BLOCK_CAPTURE_AUTORELEASING = YES;
				CLANG_WARN_BOOL_CONVERSION = YES;
				CLANG_WARN_COMMA = YES;
				CLANG_WARN_CONSTANT_CONVERSION = YES;
				CLANG_WARN_DEPRECATED_OBJC_IMPLEMENTATIONS = YES;
				CLANG_WARN_DIRECT_OBJC_ISA_USAGE = YES_ERROR;
				CLANG_WARN_DOCUMENTATION_COMMENTS = YES;
				CLANG_WARN_EMPTY_BODY = YES;
				CLANG_WARN_ENUM_CONVERSION = YES;
				CLANG_WARN_INFINITE_RECURSION = YES;
				CLANG_WARN_INT_CONVERSION = YES;
				CLANG_WARN_NON_LITERAL_NULL_CONVERSION = YES;
				CLANG_WARN_OBJC_IMPLICIT_RETAIN_SELF = YES;
				CLANG_WARN_OBJC_LITERAL_CONVERSION = YES;
				CLANG_WARN_OBJC_ROOT_CLASS = YES_ERROR;
				CLANG_WARN_QUOTED_INCLUDE_IN_FRAMEWORK_HEADER = YES;
				CLANG_WARN_RANGE_LOOP_ANALYSIS = YES;
				CLANG_WARN_STRICT_PROTOTYPES = YES;
				CLANG_WARN_SUSPICIOUS_MOVE = YES;
				CLANG_WARN_UNGUARDED_AVAILABILITY = YES_AGGRESSIVE;
				CLANG_WARN_UNREACHABLE_CODE = YES;
				CLANG_WARN__DUPLICATE_METHOD_MATCH = YES;
				COPY_PHASE_STRIP = NO;
				DEBUG_INFORMATION_FORMAT = dwarf;
				ENABLE_STRICT_OBJC_MSGSEND = YES;
				ENABLE_TESTABILITY = YES;
				ENABLE_USER_SCRIPT_SANDBOXING = YES;
				GCC_C_LANGUAGE_STANDARD = gnu17;
				GCC_DYNAMIC_NO_PIC = NO;
				GCC_NO_COMMON_BLOCKS = YES;
				GCC_OPTIMIZATION_LEVEL = 0;
				GCC_PREPROCESSOR_DEFINITIONS = (
					"DEBUG=1",
					"$(inherited)",
				);
				GCC_WARN_64_TO_32_BIT_CONVERSION = YES;
				GCC_WARN_ABOUT_RETURN_TYPE = YES_ERROR;
				GCC_WARN_UNDECLARED_SELECTOR = YES;
				GCC_WARN_UNINITIALIZED_AUTOS = YES_AGGRESSIVE;
				GCC_WARN_UNUSED_FUNCTION = YES;
				GCC_WARN_UNUSED_VARIABLE = YES;
				IPHONEOS_DEPLOYMENT_TARGET = 17.0;
				LOCALIZATION_PREFERS_STRING_CATALOGS = YES;
				MTL_ENABLE_DEBUG_INFO = INCLUDE_SOURCE;
				MTL_FAST_MATH = YES;
				ONLY_ACTIVE_ARCH = YES;
				SDKROOT = iphoneos;
				SWIFT_ACTIVE_COMPILATION_CONDITIONS = "DEBUG $(inherited)";
				SWIFT_OPTIMIZATION_LEVEL = "-Onone";
			};
			name = Debug;
		};
		94FEE5EB2C32CF8100E32A00 /* Release */ = {
			isa = XCBuildConfiguration;
			buildSettings = {
				ALWAYS_SEARCH_USER_PATHS = NO;
				ASSETCATALOG_COMPILER_GENERATE_SWIFT_ASSET_SYMBOL_EXTENSIONS = YES;
				CLANG_ANALYZER_NONNULL = YES;
				CLANG_ANALYZER_NUMBER_OBJECT_CONVERSION = YES_AGGRESSIVE;
				CLANG_CXX_LANGUAGE_STANDARD = "gnu++20";
				CLANG_ENABLE_MODULES = YES;
				CLANG_ENABLE_OBJC_ARC = YES;
				CLANG_ENABLE_OBJC_WEAK = YES;
				CLANG_WARN_BLOCK_CAPTURE_AUTORELEASING = YES;
				CLANG_WARN_BOOL_CONVERSION = YES;
				CLANG_WARN_COMMA = YES;
				CLANG_WARN_CONSTANT_CONVERSION = YES;
				CLANG_WARN_DEPRECATED_OBJC_IMPLEMENTATIONS = YES;
				CLANG_WARN_DIRECT_OBJC_ISA_USAGE = YES_ERROR;
				CLANG_WARN_DOCUMENTATION_COMMENTS = YES;
				CLANG_WARN_EMPTY_BODY = YES;
				CLANG_WARN_ENUM_CONVERSION = YES;
				CLANG_WARN_INFINITE_RECURSION = YES;
				CLANG_WARN_INT_CONVERSION = YES;
				CLANG_WARN_NON_LITERAL_NULL_CONVERSION = YES;
				CLANG_WARN_OBJC_IMPLICIT_RETAIN_SELF = YES;
				CLANG_WARN_OBJC_LITERAL_CONVERSION = YES;
				CLANG_WARN_OBJC_ROOT_CLASS = YES_ERROR;
				CLANG_WARN_QUOTED_INCLUDE_IN_FRAMEWORK_HEADER = YES;
				CLANG_WARN_RANGE_LOOP_ANALYSIS = YES;
				CLANG_WARN_STRICT_PROTOTYPES = YES;
				CLANG_WARN_SUSPICIOUS_MOVE = YES;
				CLANG_WARN_UNGUARDED_AVAILABILITY = YES_AGGRESSIVE;
				CLANG_WARN_UNREACHABLE_CODE = YES;
				CLANG_WARN__DUPLICATE_METHOD_MATCH = YES;
				COPY_PHASE_STRIP = NO;
				DEBUG_INFORMATION_FORMAT = "dwarf-with-dsym";
				ENABLE_NS_ASSERTIONS = NO;
				ENABLE_STRICT_OBJC_MSGSEND = YES;
				ENABLE_USER_SCRIPT_SANDBOXING = YES;
				GCC_C_LANGUAGE_STANDARD = gnu17;
				GCC_NO_COMMON_BLOCKS = YES;
				GCC_WARN_64_TO_32_BIT_CONVERSION = YES;
				GCC_WARN_ABOUT_RETURN_TYPE = YES_ERROR;
				GCC_WARN_UNDECLARED_SELECTOR = YES;
				GCC_WARN_UNINITIALIZED_AUTOS = YES_AGGRESSIVE;
				GCC_WARN_UNUSED_FUNCTION = YES;
				GCC_WARN_UNUSED_VARIABLE = YES;
				IPHONEOS_DEPLOYMENT_TARGET = 17.0;
				LOCALIZATION_PREFERS_STRING_CATALOGS = YES;
				MTL_ENABLE_DEBUG_INFO = NO;
				MTL_FAST_MATH = YES;
				SDKROOT = iphoneos;
				SWIFT_COMPILATION_MODE = wholemodule;
				VALIDATE_PRODUCT = YES;
			};
			name = Release;
		};
		94FEE5ED2C32CF8100E32A00 /* Debug */ = {
			isa = XCBuildConfiguration;
			buildSettings = {
				ASSETCATALOG_COMPILER_APPICON_NAME = AppIcon;
				ASSETCATALOG_COMPILER_GLOBAL_ACCENT_COLOR_NAME = AccentColor;
				CODE_SIGN_STYLE = Automatic;
				CURRENT_PROJECT_VERSION = 1;
				DEVELOPMENT_ASSET_PATHS = "\"InstagramTutorial/Preview Content\"";
				DEVELOPMENT_TEAM = 2Q3YDTT238;
				ENABLE_PREVIEWS = YES;
				GENERATE_INFOPLIST_FILE = YES;
				INFOPLIST_KEY_CFBundleDisplayName = "Instagram Tutorial";
				INFOPLIST_KEY_UIApplicationSceneManifest_Generation = YES;
				INFOPLIST_KEY_UIApplicationSupportsIndirectInputEvents = YES;
				INFOPLIST_KEY_UILaunchScreen_Generation = YES;
				INFOPLIST_KEY_UISupportedInterfaceOrientations_iPad = "UIInterfaceOrientationPortrait UIInterfaceOrientationPortraitUpsideDown UIInterfaceOrientationLandscapeLeft UIInterfaceOrientationLandscapeRight";
				INFOPLIST_KEY_UISupportedInterfaceOrientations_iPhone = "UIInterfaceOrientationPortrait UIInterfaceOrientationLandscapeLeft UIInterfaceOrientationLandscapeRight";
				LD_RUNPATH_SEARCH_PATHS = (
					"$(inherited)",
					"@executable_path/Frameworks",
				);
				MARKETING_VERSION = 1.0;
				PRODUCT_BUNDLE_IDENTIFIER = com.goldenApps.InstagramTutorial;
				PRODUCT_NAME = "$(TARGET_NAME)";
				SWIFT_EMIT_LOC_STRINGS = YES;
				SWIFT_VERSION = 5.0;
				TARGETED_DEVICE_FAMILY = "1,2";
			};
			name = Debug;
		};
		94FEE5EE2C32CF8100E32A00 /* Release */ = {
			isa = XCBuildConfiguration;
			buildSettings = {
				ASSETCATALOG_COMPILER_APPICON_NAME = AppIcon;
				ASSETCATALOG_COMPILER_GLOBAL_ACCENT_COLOR_NAME = AccentColor;
				CODE_SIGN_STYLE = Automatic;
				CURRENT_PROJECT_VERSION = 1;
				DEVELOPMENT_ASSET_PATHS = "\"InstagramTutorial/Preview Content\"";
				DEVELOPMENT_TEAM = 2Q3YDTT238;
				ENABLE_PREVIEWS = YES;
				GENERATE_INFOPLIST_FILE = YES;
				INFOPLIST_KEY_CFBundleDisplayName = "Instagram Tutorial";
				INFOPLIST_KEY_UIApplicationSceneManifest_Generation = YES;
				INFOPLIST_KEY_UIApplicationSupportsIndirectInputEvents = YES;
				INFOPLIST_KEY_UILaunchScreen_Generation = YES;
				INFOPLIST_KEY_UISupportedInterfaceOrientations_iPad = "UIInterfaceOrientationPortrait UIInterfaceOrientationPortraitUpsideDown UIInterfaceOrientationLandscapeLeft UIInterfaceOrientationLandscapeRight";
				INFOPLIST_KEY_UISupportedInterfaceOrientations_iPhone = "UIInterfaceOrientationPortrait UIInterfaceOrientationLandscapeLeft UIInterfaceOrientationLandscapeRight";
				LD_RUNPATH_SEARCH_PATHS = (
					"$(inherited)",
					"@executable_path/Frameworks",
				);
				MARKETING_VERSION = 1.0;
				PRODUCT_BUNDLE_IDENTIFIER = com.goldenApps.InstagramTutorial;
				PRODUCT_NAME = "$(TARGET_NAME)";
				SWIFT_EMIT_LOC_STRINGS = YES;
				SWIFT_VERSION = 5.0;
				TARGETED_DEVICE_FAMILY = "1,2";
			};
			name = Release;
		};
/* End XCBuildConfiguration section */

/* Begin XCConfigurationList section */
		94FEE5D92C32CF7C00E32A00 /* Build configuration list for PBXProject "InstagramTutorial" */ = {
			isa = XCConfigurationList;
			buildConfigurations = (
				94FEE5EA2C32CF8100E32A00 /* Debug */,
				94FEE5EB2C32CF8100E32A00 /* Release */,
			);
			defaultConfigurationIsVisible = 0;
			defaultConfigurationName = Release;
		};
		94FEE5EC2C32CF8100E32A00 /* Build configuration list for PBXNativeTarget "InstagramTutorial" */ = {
			isa = XCConfigurationList;
			buildConfigurations = (
				94FEE5ED2C32CF8100E32A00 /* Debug */,
				94FEE5EE2C32CF8100E32A00 /* Release */,
			);
			defaultConfigurationIsVisible = 0;
			defaultConfigurationName = Release;
		};
/* End XCConfigurationList section */

/* Begin XCRemoteSwiftPackageReference section */
		946097E92C36603E0004E950 /* XCRemoteSwiftPackageReference "firebase-ios-sdk" */ = {
			isa = XCRemoteSwiftPackageReference;
			repositoryURL = "https://github.com/firebase/firebase-ios-sdk";
			requirement = {
				kind = upToNextMajorVersion;
				minimumVersion = 10.28.1;
			};
		};
		94802E972C3D0F8800A2E4E4 /* XCRemoteSwiftPackageReference "Kingfisher" */ = {
			isa = XCRemoteSwiftPackageReference;
			repositoryURL = "https://github.com/onevcat/Kingfisher.git";
			requirement = {
				kind = upToNextMajorVersion;
				minimumVersion = 7.12.0;
			};
		};
/* End XCRemoteSwiftPackageReference section */

/* Begin XCSwiftPackageProductDependency section */
		946097EA2C36603E0004E950 /* FirebaseAnalytics */ = {
			isa = XCSwiftPackageProductDependency;
			package = 946097E92C36603E0004E950 /* XCRemoteSwiftPackageReference "firebase-ios-sdk" */;
			productName = FirebaseAnalytics;
		};
		946097EC2C36603E0004E950 /* FirebaseAnalyticsOnDeviceConversion */ = {
			isa = XCSwiftPackageProductDependency;
			package = 946097E92C36603E0004E950 /* XCRemoteSwiftPackageReference "firebase-ios-sdk" */;
			productName = FirebaseAnalyticsOnDeviceConversion;
		};
		946097EE2C36603E0004E950 /* FirebaseAnalyticsSwift */ = {
			isa = XCSwiftPackageProductDependency;
			package = 946097E92C36603E0004E950 /* XCRemoteSwiftPackageReference "firebase-ios-sdk" */;
			productName = FirebaseAnalyticsSwift;
		};
		946097F02C36603E0004E950 /* FirebaseAnalyticsWithoutAdIdSupport */ = {
			isa = XCSwiftPackageProductDependency;
			package = 946097E92C36603E0004E950 /* XCRemoteSwiftPackageReference "firebase-ios-sdk" */;
			productName = FirebaseAnalyticsWithoutAdIdSupport;
		};
		946097F22C36603E0004E950 /* FirebaseAppCheck */ = {
			isa = XCSwiftPackageProductDependency;
			package = 946097E92C36603E0004E950 /* XCRemoteSwiftPackageReference "firebase-ios-sdk" */;
			productName = FirebaseAppCheck;
		};
		946097F42C36603E0004E950 /* FirebaseAppDistribution-Beta */ = {
			isa = XCSwiftPackageProductDependency;
			package = 946097E92C36603E0004E950 /* XCRemoteSwiftPackageReference "firebase-ios-sdk" */;
			productName = "FirebaseAppDistribution-Beta";
		};
		946097F62C36603E0004E950 /* FirebaseAuth */ = {
			isa = XCSwiftPackageProductDependency;
			package = 946097E92C36603E0004E950 /* XCRemoteSwiftPackageReference "firebase-ios-sdk" */;
			productName = FirebaseAuth;
		};
		946097F82C36603E0004E950 /* FirebaseAuthCombine-Community */ = {
			isa = XCSwiftPackageProductDependency;
			package = 946097E92C36603E0004E950 /* XCRemoteSwiftPackageReference "firebase-ios-sdk" */;
			productName = "FirebaseAuthCombine-Community";
		};
		946097FA2C36603E0004E950 /* FirebaseCrashlytics */ = {
			isa = XCSwiftPackageProductDependency;
			package = 946097E92C36603E0004E950 /* XCRemoteSwiftPackageReference "firebase-ios-sdk" */;
			productName = FirebaseCrashlytics;
		};
		946097FC2C36603E0004E950 /* FirebaseDatabase */ = {
			isa = XCSwiftPackageProductDependency;
			package = 946097E92C36603E0004E950 /* XCRemoteSwiftPackageReference "firebase-ios-sdk" */;
			productName = FirebaseDatabase;
		};
		946097FE2C36603E0004E950 /* FirebaseDatabaseSwift */ = {
			isa = XCSwiftPackageProductDependency;
			package = 946097E92C36603E0004E950 /* XCRemoteSwiftPackageReference "firebase-ios-sdk" */;
			productName = FirebaseDatabaseSwift;
		};
		946098002C36603E0004E950 /* FirebaseDynamicLinks */ = {
			isa = XCSwiftPackageProductDependency;
			package = 946097E92C36603E0004E950 /* XCRemoteSwiftPackageReference "firebase-ios-sdk" */;
			productName = FirebaseDynamicLinks;
		};
		947143102C37C4A7003BFFF8 /* FirebaseFirestoreSwift */ = {
			isa = XCSwiftPackageProductDependency;
			package = 946097E92C36603E0004E950 /* XCRemoteSwiftPackageReference "firebase-ios-sdk" */;
			productName = FirebaseFirestoreSwift;
		};
		94802E982C3D0F8800A2E4E4 /* Kingfisher */ = {
			isa = XCSwiftPackageProductDependency;
			package = 94802E972C3D0F8800A2E4E4 /* XCRemoteSwiftPackageReference "Kingfisher" */;
			productName = Kingfisher;
		};
		94802EA82C3FA16900A2E4E4 /* FirebaseStorage */ = {
			isa = XCSwiftPackageProductDependency;
			package = 946097E92C36603E0004E950 /* XCRemoteSwiftPackageReference "firebase-ios-sdk" */;
			productName = FirebaseStorage;
		};
/* End XCSwiftPackageProductDependency section */
	};
	rootObject = 94FEE5D62C32CF7C00E32A00 /* Project object */;
}
